{
  "version": 4,
  "terraform_version": "1.4.6",
  "serial": 42,
  "lineage": "e2a05abd-7048-b7ec-5cd7-c4a4ff1a2418",
  "outputs": {},
  "resources": [
    {
      "mode": "managed",
      "type": "azurerm_resource_group",
      "name": "test_rg",
      "provider": "provider[\"registry.terraform.io/hashicorp/azurerm\"]",
      "instances": [
        {
          "schema_version": 0,
          "attributes": {
            "id": "/subscriptions/d94fe338-52d8-4a44-acd4-4f8301adf2cf/resourceGroups/dtf-diagnostic-setting-test",
            "location": "westeurope",
            "managed_by": "",
            "name": "dtf-diagnostic-setting-test",
            "tags": {
              "CreationDateTime": "2023-07-30T10:54:03.6721275Z",
              "Environment": "Dev"
            },
            "timeouts": null
          },
          "sensitive_attributes": [],
          "private": "eyJlMmJmYjczMC1lY2FhLTExZTYtOGY4OC0zNDM2M2JjN2M0YzAiOnsiY3JlYXRlIjo1NDAwMDAwMDAwMDAwLCJkZWxldGUiOjU0MDAwMDAwMDAwMDAsInJlYWQiOjMwMDAwMDAwMDAwMCwidXBkYXRlIjo1NDAwMDAwMDAwMDAwfX0="
        }
      ]
    },
    {
      "module": "module.diagnostic_setting",
      "mode": "data",
      "type": "azurerm_monitor_diagnostic_categories",
      "name": "categories",
      "provider": "provider[\"registry.terraform.io/hashicorp/azurerm\"]",
      "instances": [
        {
          "schema_version": 0,
          "attributes": {
            "id": "/subscriptions/d94fe338-52d8-4a44-acd4-4f8301adf2cf/resourceGroups/dtf-diagnostic-setting-test/providers/Microsoft.Storage/storageAccounts/dtfdiagnosticsettingtest",
            "log_category_groups": [],
            "log_category_types": [],
            "logs": [],
            "metrics": [
              "Capacity",
              "Transaction"
            ],
            "resource_id": "/subscriptions/d94fe338-52d8-4a44-acd4-4f8301adf2cf/resourceGroups/dtf-diagnostic-setting-test/providers/Microsoft.Storage/storageAccounts/dtfdiagnosticsettingtest",
            "timeouts": null
          },
          "sensitive_attributes": []
        }
      ]
    },
    {
      "module": "module.diagnostic_setting",
      "mode": "managed",
      "type": "azurerm_monitor_diagnostic_setting",
      "name": "diagnostics",
      "provider": "provider[\"registry.terraform.io/hashicorp/azurerm\"]",
      "instances": [
        {
          "schema_version": 0,
          "attributes": {
            "enabled_log": [],
            "eventhub_authorization_rule_id": "",
            "eventhub_name": "",
            "id": "/subscriptions/d94fe338-52d8-4a44-acd4-4f8301adf2cf/resourceGroups/dtf-diagnostic-setting-test/providers/Microsoft.Storage/storageAccounts/dtfdiagnosticsettingtest|storage-diagnostics",
            "log": [],
            "log_analytics_destination_type": "",
            "log_analytics_workspace_id": "/subscriptions/d94fe338-52d8-4a44-acd4-4f8301adf2cf/resourceGroups/dtf-diagnostic-setting-test/providers/Microsoft.OperationalInsights/workspaces/log-analytics",
            "metric": [
              {
                "category": "Capacity",
                "enabled": true,
                "retention_policy": [
                  {
                    "days": 0,
                    "enabled": false
                  }
                ]
              },
              {
                "category": "Transaction",
                "enabled": true,
                "retention_policy": [
                  {
                    "days": 0,
                    "enabled": false
                  }
                ]
              }
            ],
            "name": "storage-diagnostics",
            "partner_solution_id": null,
            "storage_account_id": null,
            "target_resource_id": "/subscriptions/d94fe338-52d8-4a44-acd4-4f8301adf2cf/resourceGroups/dtf-diagnostic-setting-test/providers/Microsoft.Storage/storageAccounts/dtfdiagnosticsettingtest",
            "timeouts": null
          },
          "sensitive_attributes": [],
          "private": "eyJlMmJmYjczMC1lY2FhLTExZTYtOGY4OC0zNDM2M2JjN2M0YzAiOnsiY3JlYXRlIjoxODAwMDAwMDAwMDAwLCJkZWxldGUiOjM2MDAwMDAwMDAwMDAsInJlYWQiOjMwMDAwMDAwMDAwMCwidXBkYXRlIjoxODAwMDAwMDAwMDAwfX0=",
          "dependencies": [
            "azurerm_resource_group.test_rg",
            "module.diagnostic_setting.data.azurerm_monitor_diagnostic_categories.categories",
            "module.log_analytics_workspace.azurerm_log_analytics_workspace.log_analytics",
            "module.storage_account.azurerm_storage_account.storage"
          ]
        }
      ]
    },
    {
      "module": "module.log_analytics_workspace",
      "mode": "managed",
      "type": "azurerm_log_analytics_workspace",
      "name": "log_analytics",
      "provider": "provider[\"registry.terraform.io/hashicorp/azurerm\"]",
      "instances": [
        {
          "schema_version": 3,
          "attributes": {
            "allow_resource_only_permissions": true,
            "cmk_for_query_forced": false,
            "daily_quota_gb": -1,
            "id": "/subscriptions/d94fe338-52d8-4a44-acd4-4f8301adf2cf/resourceGroups/dtf-diagnostic-setting-test/providers/Microsoft.OperationalInsights/workspaces/log-analytics",
            "internet_ingestion_enabled": true,
            "internet_query_enabled": true,
            "local_authentication_disabled": false,
            "location": "westeurope",
            "name": "log-analytics",
            "primary_shared_key": "87UdBTe17uDQ4dV2NW9z5jISWU+NVknQHLuLRvbHJ7bX/FHdci/IebTUNpYTq4LtoVZW1k0V2my8DRL9/GDKFw==",
            "reservation_capacity_in_gb_per_day": null,
            "resource_group_name": "dtf-diagnostic-setting-test",
            "retention_in_days": 30,
            "secondary_shared_key": "gdTlbgNYrI5dnbcsyv7Qnnicz7MQiVV3Y9S5rmFlwuLIc50wIcKymPsSR73Op5Rsaie3lBjHK6DRPgUxyvzgoA==",
            "sku": "PerGB2018",
            "tags": {
              "CreationDateTime": "2023-07-30T10:54:05.2546298Z",
              "Environment": "Dev"
            },
            "timeouts": null,
            "workspace_id": "d2f0aa48-8797-456a-ad48-dc085b8a8b28"
          },
          "sensitive_attributes": [],
          "private": "eyJlMmJmYjczMC1lY2FhLTExZTYtOGY4OC0zNDM2M2JjN2M0YzAiOnsiY3JlYXRlIjoxODAwMDAwMDAwMDAwLCJkZWxldGUiOjE4MDAwMDAwMDAwMDAsInJlYWQiOjMwMDAwMDAwMDAwMCwidXBkYXRlIjoxODAwMDAwMDAwMDAwfSwic2NoZW1hX3ZlcnNpb24iOiIzIn0=",
          "dependencies": [
            "azurerm_resource_group.test_rg"
          ]
        }
      ]
    },
    {
      "module": "module.storage_account",
      "mode": "managed",
      "type": "azurerm_storage_account",
      "name": "storage",
      "provider": "provider[\"registry.terraform.io/hashicorp/azurerm\"]",
      "instances": [
        {
          "schema_version": 4,
          "attributes": {
            "access_tier": "Hot",
            "account_kind": "StorageV2",
            "account_replication_type": "LRS",
            "account_tier": "Standard",
            "allow_nested_items_to_be_public": true,
            "allowed_copy_scope": "",
            "azure_files_authentication": [],
            "blob_properties": [
              {
                "change_feed_enabled": false,
                "change_feed_retention_in_days": 0,
                "container_delete_retention_policy": [],
                "cors_rule": [],
                "default_service_version": "",
                "delete_retention_policy": [],
                "last_access_time_enabled": false,
                "restore_policy": [],
                "versioning_enabled": false
              }
            ],
            "cross_tenant_replication_enabled": true,
            "custom_domain": [],
            "customer_managed_key": [],
            "default_to_oauth_authentication": false,
            "edge_zone": "",
            "enable_https_traffic_only": true,
            "id": "/subscriptions/d94fe338-52d8-4a44-acd4-4f8301adf2cf/resourceGroups/dtf-diagnostic-setting-test/providers/Microsoft.Storage/storageAccounts/dtfdiagnosticsettingtest",
            "identity": [],
            "immutability_policy": [],
            "infrastructure_encryption_enabled": false,
            "is_hns_enabled": false,
            "large_file_share_enabled": null,
            "location": "westeurope",
            "min_tls_version": "TLS1_2",
            "name": "dtfdiagnosticsettingtest",
            "network_rules": [
              {
                "bypass": [
                  "AzureServices"
                ],
                "default_action": "Allow",
                "ip_rules": [],
                "private_link_access": [],
                "virtual_network_subnet_ids": []
              }
            ],
            "nfsv3_enabled": false,
            "primary_access_key": "6iYwWLVddSFiwo6xkYfKVKwQY2K+9w169gQVuLg4hi8rJOvHro1euP7rFdGh+RPOVnQukDu2UB6J+ASta1aRsA==",
            "primary_blob_connection_string": "DefaultEndpointsProtocol=https;BlobEndpoint=https://dtfdiagnosticsettingtest.blob.core.windows.net/;AccountName=dtfdiagnosticsettingtest;AccountKey=6iYwWLVddSFiwo6xkYfKVKwQY2K+9w169gQVuLg4hi8rJOvHro1euP7rFdGh+RPOVnQukDu2UB6J+ASta1aRsA==",
            "primary_blob_endpoint": "https://dtfdiagnosticsettingtest.blob.core.windows.net/",
            "primary_blob_host": "dtfdiagnosticsettingtest.blob.core.windows.net",
            "primary_connection_string": "DefaultEndpointsProtocol=https;AccountName=dtfdiagnosticsettingtest;AccountKey=6iYwWLVddSFiwo6xkYfKVKwQY2K+9w169gQVuLg4hi8rJOvHro1euP7rFdGh+RPOVnQukDu2UB6J+ASta1aRsA==;EndpointSuffix=core.windows.net",
            "primary_dfs_endpoint": "https://dtfdiagnosticsettingtest.dfs.core.windows.net/",
            "primary_dfs_host": "dtfdiagnosticsettingtest.dfs.core.windows.net",
            "primary_file_endpoint": "https://dtfdiagnosticsettingtest.file.core.windows.net/",
            "primary_file_host": "dtfdiagnosticsettingtest.file.core.windows.net",
            "primary_location": "westeurope",
            "primary_queue_endpoint": "https://dtfdiagnosticsettingtest.queue.core.windows.net/",
            "primary_queue_host": "dtfdiagnosticsettingtest.queue.core.windows.net",
            "primary_table_endpoint": "https://dtfdiagnosticsettingtest.table.core.windows.net/",
            "primary_table_host": "dtfdiagnosticsettingtest.table.core.windows.net",
            "primary_web_endpoint": "https://dtfdiagnosticsettingtest.z6.web.core.windows.net/",
            "primary_web_host": "dtfdiagnosticsettingtest.z6.web.core.windows.net",
            "public_network_access_enabled": false,
            "queue_encryption_key_type": "Service",
            "queue_properties": [
              {
                "cors_rule": [],
                "hour_metrics": [
                  {
                    "enabled": true,
                    "include_apis": true,
                    "retention_policy_days": 7,
                    "version": "1.0"
                  }
                ],
                "logging": [
                  {
                    "delete": false,
                    "read": false,
                    "retention_policy_days": 0,
                    "version": "1.0",
                    "write": false
                  }
                ],
                "minute_metrics": [
                  {
                    "enabled": false,
                    "include_apis": false,
                    "retention_policy_days": 0,
                    "version": "1.0"
                  }
                ]
              }
            ],
            "resource_group_name": "dtf-diagnostic-setting-test",
            "routing": [],
            "sas_policy": [],
            "secondary_access_key": "Uqv7S0R2X+Nu5BbL+6S7htBYrOkadzUYpWTNgsN3yeAfrcdsf1DcRtw2VnnB8LUcP1EF7a4ORQ56+ASto7n/SQ==",
            "secondary_blob_connection_string": "",
            "secondary_blob_endpoint": null,
            "secondary_blob_host": null,
            "secondary_connection_string": "DefaultEndpointsProtocol=https;AccountName=dtfdiagnosticsettingtest;AccountKey=Uqv7S0R2X+Nu5BbL+6S7htBYrOkadzUYpWTNgsN3yeAfrcdsf1DcRtw2VnnB8LUcP1EF7a4ORQ56+ASto7n/SQ==;EndpointSuffix=core.windows.net",
            "secondary_dfs_endpoint": null,
            "secondary_dfs_host": null,
            "secondary_file_endpoint": null,
            "secondary_file_host": null,
            "secondary_location": "",
            "secondary_queue_endpoint": null,
            "secondary_queue_host": null,
            "secondary_table_endpoint": null,
            "secondary_table_host": null,
            "secondary_web_endpoint": null,
            "secondary_web_host": null,
            "sftp_enabled": false,
            "share_properties": [
              {
                "cors_rule": [],
                "retention_policy": [
                  {
                    "days": 7
                  }
                ],
                "smb": []
              }
            ],
            "shared_access_key_enabled": true,
            "static_website": [],
            "table_encryption_key_type": "Service",
            "tags": {
              "CreationDateTime": "2023-07-30T10:54:05.0990594Z",
              "Environment": "Dev"
            },
            "timeouts": null
          },
          "sensitive_attributes": [],
          "private": "eyJlMmJmYjczMC1lY2FhLTExZTYtOGY4OC0zNDM2M2JjN2M0YzAiOnsiY3JlYXRlIjozNjAwMDAwMDAwMDAwLCJkZWxldGUiOjM2MDAwMDAwMDAwMDAsInJlYWQiOjMwMDAwMDAwMDAwMCwidXBkYXRlIjozNjAwMDAwMDAwMDAwfSwic2NoZW1hX3ZlcnNpb24iOiI0In0=",
          "dependencies": [
            "azurerm_resource_group.test_rg"
          ]
        }
      ]
    }
  ],
  "check_results": null
}
